
Microsoft Visual Studio Solution File, Format Version 12.00
# Visual Studio Version 16
VisualStudioVersion = 16.0.28705.295
MinimumVisualStudioVersion = 10.0.40219.1
Project("{FAE04EC0-301F-11D3-BF4B-00C04F79EFBC}") = "DatingApp.Server", "DatingApp.Server\DatingApp.Server.csproj", "{53618369-C4B9-4343-AC70-0E9B02CE7715}"
EndProject
Global
	GlobalSection(SolutionConfigurationPlatforms) = preSolution
		Debug|Any CPU = Debug|Any CPU
		Release|Any CPU = Release|Any CPU
	EndGlobalSection
	GlobalSection(ProjectConfigurationPlatforms) = postSolution
		{53618369-C4B9-4343-AC70-0E9B02CE7715}.Debug|Any CPU.ActiveCfg = Debug|Any CPU
		{53618369-C4B9-4343-AC70-0E9B02CE7715}.Debug|Any CPU.Build.0 = Debug|Any CPU
		{53618369-C4B9-4343-AC70-0E9B02CE7715}.Release|Any CPU.ActiveCfg = Release|Any CPU
		{53618369-C4B9-4343-AC70-0E9B02CE7715}.Release|Any CPU.Build.0 = Release|Any CPU
	EndGlobalSection
	GlobalSection(SolutionProperties) = preSolution
		HideSolutionNode = FALSE
	EndGlobalSection
	GlobalSection(ExtensibilityGlobals) = postSolution
		SolutionGuid = {1AD33B1D-4550-4CF8-B584-A0EDF7774749}
	EndGlobalSection
EndGlobal
